// !$*UTF8*$!
{
	archiveVersion = 1;
	classes = {
	};
	objectVersion = 56;
	objects = {

/* Begin PBXBuildFile section */
		8006470329F2FE5600D5AB55 /* HomeView.swift in Sources */ = {isa = PBXBuildFile; fileRef = 8006470229F2FE5600D5AB55 /* HomeView.swift */; };
		801EE5B62A00074600DD9ECD /* bffPayUITests.swift in Sources */ = {isa = PBXBuildFile; fileRef = 801EE5B52A00074600DD9ECD /* bffPayUITests.swift */; };
		801EE5B82A00074600DD9ECD /* bffPayUITestsLaunchTests.swift in Sources */ = {isa = PBXBuildFile; fileRef = 801EE5B72A00074600DD9ECD /* bffPayUITestsLaunchTests.swift */; };
		801EE5C52A00076600DD9ECD /* bffPayTests.swift in Sources */ = {isa = PBXBuildFile; fileRef = 801EE5C42A00076600DD9ECD /* bffPayTests.swift */; };
		801EE5CC2A00116200DD9ECD /* FirebaseAuth in Frameworks */ = {isa = PBXBuildFile; productRef = 801EE5CB2A00116200DD9ECD /* FirebaseAuth */; };
		801EE5CE2A00117200DD9ECD /* FirebasePerformance in Frameworks */ = {isa = PBXBuildFile; productRef = 801EE5CD2A00117200DD9ECD /* FirebasePerformance */; };
		801EE5D02A00118E00DD9ECD /* GoogleSignInSwift in Frameworks */ = {isa = PBXBuildFile; productRef = 801EE5CF2A00118E00DD9ECD /* GoogleSignInSwift */; };
		801EE5D22A00119900DD9ECD /* FirebaseFirestoreSwift in Frameworks */ = {isa = PBXBuildFile; productRef = 801EE5D12A00119900DD9ECD /* FirebaseFirestoreSwift */; };
		8044A0EA29EED5C500493B7F /* bffPayApp.swift in Sources */ = {isa = PBXBuildFile; fileRef = 8044A0E929EED5C500493B7F /* bffPayApp.swift */; };
		8044A0EC29EED5C500493B7F /* MainView.swift in Sources */ = {isa = PBXBuildFile; fileRef = 8044A0EB29EED5C500493B7F /* MainView.swift */; };
		8044A0EE29EED5C600493B7F /* Assets.xcassets in Resources */ = {isa = PBXBuildFile; fileRef = 8044A0ED29EED5C600493B7F /* Assets.xcassets */; };
		8044A0F129EED5C600493B7F /* Preview Assets.xcassets in Resources */ = {isa = PBXBuildFile; fileRef = 8044A0F029EED5C600493B7F /* Preview Assets.xcassets */; };
		8044A10029EEE05C00493B7F /* FirebaseAuth in Frameworks */ = {isa = PBXBuildFile; productRef = 8044A0FF29EEE05C00493B7F /* FirebaseAuth */; };
		8044A10229EEE05C00493B7F /* FirebaseCrashlytics in Frameworks */ = {isa = PBXBuildFile; productRef = 8044A10129EEE05C00493B7F /* FirebaseCrashlytics */; };
		8044A10429EEE05C00493B7F /* FirebaseFirestoreSwift in Frameworks */ = {isa = PBXBuildFile; productRef = 8044A10329EEE05C00493B7F /* FirebaseFirestoreSwift */; };
		8044A10629EEE0AC00493B7F /* AppDelegate.swift in Sources */ = {isa = PBXBuildFile; fileRef = 8044A10529EEE0AC00493B7F /* AppDelegate.swift */; };
		8044A10929EEE1E800493B7F /* GoogleSignInSwift in Frameworks */ = {isa = PBXBuildFile; productRef = 8044A10829EEE1E800493B7F /* GoogleSignInSwift */; };
		8045F4DE29F4293D002F9CB5 /* PartyRowView.swift in Sources */ = {isa = PBXBuildFile; fileRef = 8045F4DD29F4293D002F9CB5 /* PartyRowView.swift */; };
		8045F4E129F4355B002F9CB5 /* SettingsView.swift in Sources */ = {isa = PBXBuildFile; fileRef = 8045F4E029F4355B002F9CB5 /* SettingsView.swift */; };
		8045F4E329F58EEF002F9CB5 /* CreatePartyView.swift in Sources */ = {isa = PBXBuildFile; fileRef = 8045F4E229F58EEF002F9CB5 /* CreatePartyView.swift */; };
		8045F4E529F591ED002F9CB5 /* PartyListViewModel.swift in Sources */ = {isa = PBXBuildFile; fileRef = 8045F4E429F591ED002F9CB5 /* PartyListViewModel.swift */; };
		8045F4E729F59228002F9CB5 /* Party.swift in Sources */ = {isa = PBXBuildFile; fileRef = 8045F4E629F59228002F9CB5 /* Party.swift */; };
		8045F4EB29F59663002F9CB5 /* Transaction.swift in Sources */ = {isa = PBXBuildFile; fileRef = 8045F4EA29F59663002F9CB5 /* Transaction.swift */; };
		8045F4EF29F599CC002F9CB5 /* PartyRepository.swift in Sources */ = {isa = PBXBuildFile; fileRef = 8045F4EE29F599CC002F9CB5 /* PartyRepository.swift */; };
		8045F4F229F59C60002F9CB5 /* FirebasePerformance in Frameworks */ = {isa = PBXBuildFile; productRef = 8045F4F129F59C60002F9CB5 /* FirebasePerformance */; };
		8045F4F429F5B193002F9CB5 /* PartyViewModel.swift in Sources */ = {isa = PBXBuildFile; fileRef = 8045F4F329F5B193002F9CB5 /* PartyViewModel.swift */; };
		804AC7042A265FD900F9C65A /* PartySettingsTab.swift in Sources */ = {isa = PBXBuildFile; fileRef = 804AC7032A265FD900F9C65A /* PartySettingsTab.swift */; };
		804E859029F40B4B00CA9A55 /* GoogleService-Info.plist in Resources */ = {isa = PBXBuildFile; fileRef = 804E858F29F40B4B00CA9A55 /* GoogleService-Info.plist */; };
		805154792A042F4D0030C4DC /* Debt.swift in Sources */ = {isa = PBXBuildFile; fileRef = 805154782A042F4D0030C4DC /* Debt.swift */; };
		809265D829F2B2EB001C36C6 /* AuthView.swift in Sources */ = {isa = PBXBuildFile; fileRef = 809265D729F2B2EB001C36C6 /* AuthView.swift */; };
		809265E029F2B710001C36C6 /* UserRepository.swift in Sources */ = {isa = PBXBuildFile; fileRef = 809265DF29F2B710001C36C6 /* UserRepository.swift */; };
		809265E329F2B73C001C36C6 /* UserInfo.swift in Sources */ = {isa = PBXBuildFile; fileRef = 809265E229F2B73C001C36C6 /* UserInfo.swift */; };
		809265E529F2B951001C36C6 /* AuthService.swift in Sources */ = {isa = PBXBuildFile; fileRef = 809265E429F2B951001C36C6 /* AuthService.swift */; };
		809265E729F2BCF2001C36C6 /* UIApplication+UIViewController.swift in Sources */ = {isa = PBXBuildFile; fileRef = 809265E629F2BCF2001C36C6 /* UIApplication+UIViewController.swift */; };
		809265E929F2BD2B001C36C6 /* GIDConfiguration+Ext.swift in Sources */ = {isa = PBXBuildFile; fileRef = 809265E829F2BD2B001C36C6 /* GIDConfiguration+Ext.swift */; };
		80B1B0E929F9A71800915CB4 /* PartyDetailsView.swift in Sources */ = {isa = PBXBuildFile; fileRef = 80B1B0E829F9A71800915CB4 /* PartyDetailsView.swift */; };
		80B1B0ED29F9A8B600915CB4 /* CustomPlusButton.swift in Sources */ = {isa = PBXBuildFile; fileRef = 80B1B0EC29F9A8B600915CB4 /* CustomPlusButton.swift */; };
		80B1B0F029F9A98E00915CB4 /* CreateTransactionView.swift in Sources */ = {isa = PBXBuildFile; fileRef = 80B1B0EF29F9A98E00915CB4 /* CreateTransactionView.swift */; };
		80B1B0F229FAB53A00915CB4 /* TransactionRepository.swift in Sources */ = {isa = PBXBuildFile; fileRef = 80B1B0F129FAB53A00915CB4 /* TransactionRepository.swift */; };
		80B1B0F429FABC7100915CB4 /* TransactionsListViewModel.swift in Sources */ = {isa = PBXBuildFile; fileRef = 80B1B0F329FABC7100915CB4 /* TransactionsListViewModel.swift */; };
		80B1B0F629FAC10C00915CB4 /* MultiSelectionList.swift in Sources */ = {isa = PBXBuildFile; fileRef = 80B1B0F529FAC10C00915CB4 /* MultiSelectionList.swift */; };
		80B1B0F829FACDB500915CB4 /* TransactionDetailsView.swift in Sources */ = {isa = PBXBuildFile; fileRef = 80B1B0F729FACDB400915CB4 /* TransactionDetailsView.swift */; };
		80B1B0FA29FACDEA00915CB4 /* TransactionRowView.swift in Sources */ = {isa = PBXBuildFile; fileRef = 80B1B0F929FACDEA00915CB4 /* TransactionRowView.swift */; };
		80B1B0FC29FADF4B00915CB4 /* Double+Ext.swift in Sources */ = {isa = PBXBuildFile; fileRef = 80B1B0FB29FADF4B00915CB4 /* Double+Ext.swift */; };
		80B1B0FE29FAE06E00915CB4 /* Date+Ext.swift in Sources */ = {isa = PBXBuildFile; fileRef = 80B1B0FD29FAE06E00915CB4 /* Date+Ext.swift */; };
/* End PBXBuildFile section */

/* Begin PBXContainerItemProxy section */
		801EE5B92A00074600DD9ECD /* PBXContainerItemProxy */ = {
			isa = PBXContainerItemProxy;
			containerPortal = 8044A0DE29EED5C500493B7F /* Project object */;
			proxyType = 1;
			remoteGlobalIDString = 8044A0E529EED5C500493B7F;
			remoteInfo = bffPay;
		};
		801EE5C62A00076600DD9ECD /* PBXContainerItemProxy */ = {
			isa = PBXContainerItemProxy;
			containerPortal = 8044A0DE29EED5C500493B7F /* Project object */;
			proxyType = 1;
			remoteGlobalIDString = 8044A0E529EED5C500493B7F;
			remoteInfo = bffPay;
		};
/* End PBXContainerItemProxy section */

/* Begin PBXFileReference section */
		8006470229F2FE5600D5AB55 /* HomeView.swift */ = {isa = PBXFileReference; lastKnownFileType = sourcecode.swift; path = HomeView.swift; sourceTree = "<group>"; };
		8006470629F31C1A00D5AB55 /* bffPay.entitlements */ = {isa = PBXFileReference; lastKnownFileType = text.plist.entitlements; path = bffPay.entitlements; sourceTree = "<group>"; };
		801EE5B32A00074600DD9ECD /* bffPayUITests.xctest */ = {isa = PBXFileReference; explicitFileType = wrapper.cfbundle; includeInIndex = 0; path = bffPayUITests.xctest; sourceTree = BUILT_PRODUCTS_DIR; };
		801EE5B52A00074600DD9ECD /* bffPayUITests.swift */ = {isa = PBXFileReference; lastKnownFileType = sourcecode.swift; path = bffPayUITests.swift; sourceTree = "<group>"; };
		801EE5B72A00074600DD9ECD /* bffPayUITestsLaunchTests.swift */ = {isa = PBXFileReference; lastKnownFileType = sourcecode.swift; path = bffPayUITestsLaunchTests.swift; sourceTree = "<group>"; };
		801EE5C22A00076600DD9ECD /* bffPayTests.xctest */ = {isa = PBXFileReference; explicitFileType = wrapper.cfbundle; includeInIndex = 0; path = bffPayTests.xctest; sourceTree = BUILT_PRODUCTS_DIR; };
		801EE5C42A00076600DD9ECD /* bffPayTests.swift */ = {isa = PBXFileReference; lastKnownFileType = sourcecode.swift; path = bffPayTests.swift; sourceTree = "<group>"; };
		8044A0E629EED5C500493B7F /* bffPay.app */ = {isa = PBXFileReference; explicitFileType = wrapper.application; includeInIndex = 0; path = bffPay.app; sourceTree = BUILT_PRODUCTS_DIR; };
		8044A0E929EED5C500493B7F /* bffPayApp.swift */ = {isa = PBXFileReference; lastKnownFileType = sourcecode.swift; path = bffPayApp.swift; sourceTree = "<group>"; };
		8044A0EB29EED5C500493B7F /* MainView.swift */ = {isa = PBXFileReference; lastKnownFileType = sourcecode.swift; path = MainView.swift; sourceTree = "<group>"; };
		8044A0ED29EED5C600493B7F /* Assets.xcassets */ = {isa = PBXFileReference; lastKnownFileType = folder.assetcatalog; path = Assets.xcassets; sourceTree = "<group>"; };
		8044A0F029EED5C600493B7F /* Preview Assets.xcassets */ = {isa = PBXFileReference; lastKnownFileType = folder.assetcatalog; path = "Preview Assets.xcassets"; sourceTree = "<group>"; };
		8044A10529EEE0AC00493B7F /* AppDelegate.swift */ = {isa = PBXFileReference; lastKnownFileType = sourcecode.swift; path = AppDelegate.swift; sourceTree = "<group>"; };
		8045F4DD29F4293D002F9CB5 /* PartyRowView.swift */ = {isa = PBXFileReference; lastKnownFileType = sourcecode.swift; path = PartyRowView.swift; sourceTree = "<group>"; };
		8045F4E029F4355B002F9CB5 /* SettingsView.swift */ = {isa = PBXFileReference; lastKnownFileType = sourcecode.swift; path = SettingsView.swift; sourceTree = "<group>"; };
		8045F4E229F58EEF002F9CB5 /* CreatePartyView.swift */ = {isa = PBXFileReference; lastKnownFileType = sourcecode.swift; path = CreatePartyView.swift; sourceTree = "<group>"; };
		8045F4E429F591ED002F9CB5 /* PartyListViewModel.swift */ = {isa = PBXFileReference; lastKnownFileType = sourcecode.swift; path = PartyListViewModel.swift; sourceTree = "<group>"; };
		8045F4E629F59228002F9CB5 /* Party.swift */ = {isa = PBXFileReference; lastKnownFileType = sourcecode.swift; path = Party.swift; sourceTree = "<group>"; };
		8045F4EA29F59663002F9CB5 /* Transaction.swift */ = {isa = PBXFileReference; lastKnownFileType = sourcecode.swift; path = Transaction.swift; sourceTree = "<group>"; };
		8045F4EE29F599CC002F9CB5 /* PartyRepository.swift */ = {isa = PBXFileReference; lastKnownFileType = sourcecode.swift; path = PartyRepository.swift; sourceTree = "<group>"; };
		8045F4F329F5B193002F9CB5 /* PartyViewModel.swift */ = {isa = PBXFileReference; lastKnownFileType = sourcecode.swift; path = PartyViewModel.swift; sourceTree = "<group>"; };
		804AC7032A265FD900F9C65A /* PartySettingsTab.swift */ = {isa = PBXFileReference; lastKnownFileType = sourcecode.swift; path = PartySettingsTab.swift; sourceTree = "<group>"; };
		804E858F29F40B4B00CA9A55 /* GoogleService-Info.plist */ = {isa = PBXFileReference; fileEncoding = 4; lastKnownFileType = text.plist.xml; path = "GoogleService-Info.plist"; sourceTree = "<group>"; };
		805154782A042F4D0030C4DC /* Debt.swift */ = {isa = PBXFileReference; lastKnownFileType = sourcecode.swift; path = Debt.swift; sourceTree = "<group>"; };
		809265D729F2B2EB001C36C6 /* AuthView.swift */ = {isa = PBXFileReference; lastKnownFileType = sourcecode.swift; path = AuthView.swift; sourceTree = "<group>"; };
		809265DF29F2B710001C36C6 /* UserRepository.swift */ = {isa = PBXFileReference; lastKnownFileType = sourcecode.swift; path = UserRepository.swift; sourceTree = "<group>"; };
		809265E229F2B73C001C36C6 /* UserInfo.swift */ = {isa = PBXFileReference; lastKnownFileType = sourcecode.swift; path = UserInfo.swift; sourceTree = "<group>"; };
		809265E429F2B951001C36C6 /* AuthService.swift */ = {isa = PBXFileReference; lastKnownFileType = sourcecode.swift; path = AuthService.swift; sourceTree = "<group>"; };
		809265E629F2BCF2001C36C6 /* UIApplication+UIViewController.swift */ = {isa = PBXFileReference; lastKnownFileType = sourcecode.swift; path = "UIApplication+UIViewController.swift"; sourceTree = "<group>"; };
		809265E829F2BD2B001C36C6 /* GIDConfiguration+Ext.swift */ = {isa = PBXFileReference; lastKnownFileType = sourcecode.swift; path = "GIDConfiguration+Ext.swift"; sourceTree = "<group>"; };
		809265EA29F2BED4001C36C6 /* Info.plist */ = {isa = PBXFileReference; lastKnownFileType = text.plist; path = Info.plist; sourceTree = "<group>"; };
		80B1B0E829F9A71800915CB4 /* PartyDetailsView.swift */ = {isa = PBXFileReference; lastKnownFileType = sourcecode.swift; path = PartyDetailsView.swift; sourceTree = "<group>"; };
		80B1B0EC29F9A8B600915CB4 /* CustomPlusButton.swift */ = {isa = PBXFileReference; lastKnownFileType = sourcecode.swift; path = CustomPlusButton.swift; sourceTree = "<group>"; };
		80B1B0EF29F9A98E00915CB4 /* CreateTransactionView.swift */ = {isa = PBXFileReference; lastKnownFileType = sourcecode.swift; path = CreateTransactionView.swift; sourceTree = "<group>"; };
		80B1B0F129FAB53A00915CB4 /* TransactionRepository.swift */ = {isa = PBXFileReference; lastKnownFileType = sourcecode.swift; path = TransactionRepository.swift; sourceTree = "<group>"; };
		80B1B0F329FABC7100915CB4 /* TransactionsListViewModel.swift */ = {isa = PBXFileReference; lastKnownFileType = sourcecode.swift; path = TransactionsListViewModel.swift; sourceTree = "<group>"; };
		80B1B0F529FAC10C00915CB4 /* MultiSelectionList.swift */ = {isa = PBXFileReference; lastKnownFileType = sourcecode.swift; path = MultiSelectionList.swift; sourceTree = "<group>"; };
		80B1B0F729FACDB400915CB4 /* TransactionDetailsView.swift */ = {isa = PBXFileReference; lastKnownFileType = sourcecode.swift; path = TransactionDetailsView.swift; sourceTree = "<group>"; };
		80B1B0F929FACDEA00915CB4 /* TransactionRowView.swift */ = {isa = PBXFileReference; lastKnownFileType = sourcecode.swift; path = TransactionRowView.swift; sourceTree = "<group>"; };
		80B1B0FB29FADF4B00915CB4 /* Double+Ext.swift */ = {isa = PBXFileReference; lastKnownFileType = sourcecode.swift; path = "Double+Ext.swift"; sourceTree = "<group>"; };
		80B1B0FD29FAE06E00915CB4 /* Date+Ext.swift */ = {isa = PBXFileReference; lastKnownFileType = sourcecode.swift; path = "Date+Ext.swift"; sourceTree = "<group>"; };
/* End PBXFileReference section */

/* Begin PBXFrameworksBuildPhase section */
		801EE5B02A00074600DD9ECD /* Frameworks */ = {
			isa = PBXFrameworksBuildPhase;
			buildActionMask = 2147483647;
			files = (
			);
			runOnlyForDeploymentPostprocessing = 0;
		};
		801EE5BF2A00076600DD9ECD /* Frameworks */ = {
			isa = PBXFrameworksBuildPhase;
			buildActionMask = 2147483647;
			files = (
				801EE5D02A00118E00DD9ECD /* GoogleSignInSwift in Frameworks */,
				801EE5CE2A00117200DD9ECD /* FirebasePerformance in Frameworks */,
				801EE5CC2A00116200DD9ECD /* FirebaseAuth in Frameworks */,
				801EE5D22A00119900DD9ECD /* FirebaseFirestoreSwift in Frameworks */,
			);
			runOnlyForDeploymentPostprocessing = 0;
		};
		8044A0E329EED5C500493B7F /* Frameworks */ = {
			isa = PBXFrameworksBuildPhase;
			buildActionMask = 2147483647;
			files = (
				8044A10029EEE05C00493B7F /* FirebaseAuth in Frameworks */,
				8044A10229EEE05C00493B7F /* FirebaseCrashlytics in Frameworks */,
				8045F4F229F59C60002F9CB5 /* FirebasePerformance in Frameworks */,
				8044A10429EEE05C00493B7F /* FirebaseFirestoreSwift in Frameworks */,
				8044A10929EEE1E800493B7F /* GoogleSignInSwift in Frameworks */,
			);
			runOnlyForDeploymentPostprocessing = 0;
		};
/* End PBXFrameworksBuildPhase section */

/* Begin PBXGroup section */
		8006470129F2FE4A00D5AB55 /* Home */ = {
			isa = PBXGroup;
			children = (
				8006470229F2FE5600D5AB55 /* HomeView.swift */,
			);
			path = Home;
			sourceTree = "<group>";
		};
		801EE5B42A00074600DD9ECD /* bffPayUITests */ = {
			isa = PBXGroup;
			children = (
				801EE5B52A00074600DD9ECD /* bffPayUITests.swift */,
				801EE5B72A00074600DD9ECD /* bffPayUITestsLaunchTests.swift */,
			);
			path = bffPayUITests;
			sourceTree = "<group>";
		};
		801EE5C32A00076600DD9ECD /* bffPayTests */ = {
			isa = PBXGroup;
			children = (
				801EE5C42A00076600DD9ECD /* bffPayTests.swift */,
			);
			path = bffPayTests;
			sourceTree = "<group>";
		};
		8044A0DD29EED5C500493B7F = {
			isa = PBXGroup;
			children = (
				8044A0E829EED5C500493B7F /* bffPay */,
				801EE5B42A00074600DD9ECD /* bffPayUITests */,
				801EE5C32A00076600DD9ECD /* bffPayTests */,
				8044A0E729EED5C500493B7F /* Products */,
				8045F4F029F59C60002F9CB5 /* Frameworks */,
			);
			sourceTree = "<group>";
		};
		8044A0E729EED5C500493B7F /* Products */ = {
			isa = PBXGroup;
			children = (
				8044A0E629EED5C500493B7F /* bffPay.app */,
				801EE5B32A00074600DD9ECD /* bffPayUITests.xctest */,
				801EE5C22A00076600DD9ECD /* bffPayTests.xctest */,
			);
			name = Products;
			sourceTree = "<group>";
		};
		8044A0E829EED5C500493B7F /* bffPay */ = {
			isa = PBXGroup;
			children = (
				809265DE29F2B6FA001C36C6 /* Repositories */,
				8044A0FB29EEDA5400493B7F /* Services */,
				8044A0FA29EEDA3F00493B7F /* Extensions */,
				8044A0F929EEDA1300493B7F /* Views */,
				8044A0F829EEDA0B00493B7F /* ViewModels */,
				8044A0F729EED9FC00493B7F /* Models */,
				8044A0E929EED5C500493B7F /* bffPayApp.swift */,
				8044A10529EEE0AC00493B7F /* AppDelegate.swift */,
				8044A0ED29EED5C600493B7F /* Assets.xcassets */,
				809265EA29F2BED4001C36C6 /* Info.plist */,
				804E858F29F40B4B00CA9A55 /* GoogleService-Info.plist */,
				8006470629F31C1A00D5AB55 /* bffPay.entitlements */,
				8044A0EF29EED5C600493B7F /* Preview Content */,
			);
			path = bffPay;
			sourceTree = "<group>";
		};
		8044A0EF29EED5C600493B7F /* Preview Content */ = {
			isa = PBXGroup;
			children = (
				8044A0F029EED5C600493B7F /* Preview Assets.xcassets */,
			);
			path = "Preview Content";
			sourceTree = "<group>";
		};
		8044A0F729EED9FC00493B7F /* Models */ = {
			isa = PBXGroup;
			children = (
				809265E229F2B73C001C36C6 /* UserInfo.swift */,
				8045F4E629F59228002F9CB5 /* Party.swift */,
				8045F4EA29F59663002F9CB5 /* Transaction.swift */,
				805154782A042F4D0030C4DC /* Debt.swift */,
			);
			path = Models;
			sourceTree = "<group>";
		};
		8044A0F829EEDA0B00493B7F /* ViewModels */ = {
			isa = PBXGroup;
			children = (
				8045F4E429F591ED002F9CB5 /* PartyListViewModel.swift */,
				8045F4F329F5B193002F9CB5 /* PartyViewModel.swift */,
				80B1B0F329FABC7100915CB4 /* TransactionsListViewModel.swift */,
			);
			path = ViewModels;
			sourceTree = "<group>";
		};
		8044A0F929EEDA1300493B7F /* Views */ = {
			isa = PBXGroup;
			children = (
				80B1B0EE29F9A97A00915CB4 /* Transactions */,
				80B1B0EA29F9A89D00915CB4 /* Custom */,
				8045F4DF29F43554002F9CB5 /* Settings */,
				8045F4DC29F42930002F9CB5 /* Parties */,
				8006470129F2FE4A00D5AB55 /* Home */,
				809265D429F2B2BA001C36C6 /* Auth */,
				8044A0EB29EED5C500493B7F /* MainView.swift */,
			);
			path = Views;
			sourceTree = "<group>";
		};
		8044A0FA29EEDA3F00493B7F /* Extensions */ = {
			isa = PBXGroup;
			children = (
				809265E629F2BCF2001C36C6 /* UIApplication+UIViewController.swift */,
				809265E829F2BD2B001C36C6 /* GIDConfiguration+Ext.swift */,
				80B1B0FB29FADF4B00915CB4 /* Double+Ext.swift */,
				80B1B0FD29FAE06E00915CB4 /* Date+Ext.swift */,
			);
			path = Extensions;
			sourceTree = "<group>";
		};
		8044A0FB29EEDA5400493B7F /* Services */ = {
			isa = PBXGroup;
			children = (
				809265E429F2B951001C36C6 /* AuthService.swift */,
			);
			path = Services;
			sourceTree = "<group>";
		};
		8045F4DC29F42930002F9CB5 /* Parties */ = {
			isa = PBXGroup;
			children = (
				8045F4DD29F4293D002F9CB5 /* PartyRowView.swift */,
				8045F4E229F58EEF002F9CB5 /* CreatePartyView.swift */,
				80B1B0E829F9A71800915CB4 /* PartyDetailsView.swift */,
				804AC7032A265FD900F9C65A /* PartySettingsTab.swift */,
			);
			path = Parties;
			sourceTree = "<group>";
		};
		8045F4DF29F43554002F9CB5 /* Settings */ = {
			isa = PBXGroup;
			children = (
				8045F4E029F4355B002F9CB5 /* SettingsView.swift */,
			);
			path = Settings;
			sourceTree = "<group>";
		};
		8045F4F029F59C60002F9CB5 /* Frameworks */ = {
			isa = PBXGroup;
			children = (
			);
			name = Frameworks;
			sourceTree = "<group>";
		};
		809265D429F2B2BA001C36C6 /* Auth */ = {
			isa = PBXGroup;
			children = (
				809265D729F2B2EB001C36C6 /* AuthView.swift */,
			);
			path = Auth;
			sourceTree = "<group>";
		};
		809265DE29F2B6FA001C36C6 /* Repositories */ = {
			isa = PBXGroup;
			children = (
				809265DF29F2B710001C36C6 /* UserRepository.swift */,
				8045F4EE29F599CC002F9CB5 /* PartyRepository.swift */,
				80B1B0F129FAB53A00915CB4 /* TransactionRepository.swift */,
			);
			path = Repositories;
			sourceTree = "<group>";
		};
		80B1B0EA29F9A89D00915CB4 /* Custom */ = {
			isa = PBXGroup;
			children = (
				80B1B0EB29F9A8A200915CB4 /* Buttons */,
				80B1B0F529FAC10C00915CB4 /* MultiSelectionList.swift */,
			);
			path = Custom;
			sourceTree = "<group>";
		};
		80B1B0EB29F9A8A200915CB4 /* Buttons */ = {
			isa = PBXGroup;
			children = (
				80B1B0EC29F9A8B600915CB4 /* CustomPlusButton.swift */,
			);
			path = Buttons;
			sourceTree = "<group>";
		};
		80B1B0EE29F9A97A00915CB4 /* Transactions */ = {
			isa = PBXGroup;
			children = (
				80B1B0EF29F9A98E00915CB4 /* CreateTransactionView.swift */,
				80B1B0F729FACDB400915CB4 /* TransactionDetailsView.swift */,
				80B1B0F929FACDEA00915CB4 /* TransactionRowView.swift */,
			);
			path = Transactions;
			sourceTree = "<group>";
		};
/* End PBXGroup section */

/* Begin PBXNativeTarget section */
		801EE5B22A00074600DD9ECD /* bffPayUITests */ = {
			isa = PBXNativeTarget;
			buildConfigurationList = 801EE5BD2A00074600DD9ECD /* Build configuration list for PBXNativeTarget "bffPayUITests" */;
			buildPhases = (
				801EE5AF2A00074600DD9ECD /* Sources */,
				801EE5B02A00074600DD9ECD /* Frameworks */,
				801EE5B12A00074600DD9ECD /* Resources */,
			);
			buildRules = (
			);
			dependencies = (
				801EE5BA2A00074600DD9ECD /* PBXTargetDependency */,
			);
			name = bffPayUITests;
			productName = bffPayUITests;
			productReference = 801EE5B32A00074600DD9ECD /* bffPayUITests.xctest */;
			productType = "com.apple.product-type.bundle.ui-testing";
		};
		801EE5C12A00076600DD9ECD /* bffPayTests */ = {
			isa = PBXNativeTarget;
			buildConfigurationList = 801EE5C82A00076600DD9ECD /* Build configuration list for PBXNativeTarget "bffPayTests" */;
			buildPhases = (
				801EE5BE2A00076600DD9ECD /* Sources */,
				801EE5BF2A00076600DD9ECD /* Frameworks */,
				801EE5C02A00076600DD9ECD /* Resources */,
			);
			buildRules = (
			);
			dependencies = (
				801EE5C72A00076600DD9ECD /* PBXTargetDependency */,
			);
			name = bffPayTests;
			packageProductDependencies = (
				801EE5CB2A00116200DD9ECD /* FirebaseAuth */,
				801EE5CD2A00117200DD9ECD /* FirebasePerformance */,
				801EE5CF2A00118E00DD9ECD /* GoogleSignInSwift */,
				801EE5D12A00119900DD9ECD /* FirebaseFirestoreSwift */,
			);
			productName = bffPayTests;
			productReference = 801EE5C22A00076600DD9ECD /* bffPayTests.xctest */;
			productType = "com.apple.product-type.bundle.unit-test";
		};
		8044A0E529EED5C500493B7F /* bffPay */ = {
			isa = PBXNativeTarget;
			buildConfigurationList = 8044A0F429EED5C600493B7F /* Build configuration list for PBXNativeTarget "bffPay" */;
			buildPhases = (
				8044A0E229EED5C500493B7F /* Sources */,
				8044A0E329EED5C500493B7F /* Frameworks */,
				8044A0E429EED5C500493B7F /* Resources */,
			);
			buildRules = (
			);
			dependencies = (
			);
			name = bffPay;
			packageProductDependencies = (
				8044A0FF29EEE05C00493B7F /* FirebaseAuth */,
				8044A10129EEE05C00493B7F /* FirebaseCrashlytics */,
				8044A10329EEE05C00493B7F /* FirebaseFirestoreSwift */,
				8044A10829EEE1E800493B7F /* GoogleSignInSwift */,
				8045F4F129F59C60002F9CB5 /* FirebasePerformance */,
			);
			productName = bffPay;
			productReference = 8044A0E629EED5C500493B7F /* bffPay.app */;
			productType = "com.apple.product-type.application";
		};
/* End PBXNativeTarget section */

/* Begin PBXProject section */
		8044A0DE29EED5C500493B7F /* Project object */ = {
			isa = PBXProject;
			attributes = {
				BuildIndependentTargetsInParallel = 1;
				LastSwiftUpdateCheck = 1430;
				LastUpgradeCheck = 1430;
				TargetAttributes = {
					801EE5B22A00074600DD9ECD = {
						CreatedOnToolsVersion = 14.3;
						TestTargetID = 8044A0E529EED5C500493B7F;
					};
					801EE5C12A00076600DD9ECD = {
						CreatedOnToolsVersion = 14.3;
						TestTargetID = 8044A0E529EED5C500493B7F;
					};
					8044A0E529EED5C500493B7F = {
						CreatedOnToolsVersion = 14.3;
					};
				};
			};
			buildConfigurationList = 8044A0E129EED5C500493B7F /* Build configuration list for PBXProject "bffPay" */;
			compatibilityVersion = "Xcode 14.0";
			developmentRegion = en;
			hasScannedForEncodings = 0;
			knownRegions = (
				en,
				Base,
			);
			mainGroup = 8044A0DD29EED5C500493B7F;
			packageReferences = (
				8044A0FE29EEE05C00493B7F /* XCRemoteSwiftPackageReference "firebase-ios-sdk" */,
				8044A10729EEE1E800493B7F /* XCRemoteSwiftPackageReference "GoogleSignIn-iOS" */,
			);
			productRefGroup = 8044A0E729EED5C500493B7F /* Products */;
			projectDirPath = "";
			projectRoot = "";
			targets = (
				8044A0E529EED5C500493B7F /* bffPay */,
				801EE5B22A00074600DD9ECD /* bffPayUITests */,
				801EE5C12A00076600DD9ECD /* bffPayTests */,
			);
		};
/* End PBXProject section */

/* Begin PBXResourcesBuildPhase section */
		801EE5B12A00074600DD9ECD /* Resources */ = {
			isa = PBXResourcesBuildPhase;
			buildActionMask = 2147483647;
			files = (
			);
			runOnlyForDeploymentPostprocessing = 0;
		};
		801EE5C02A00076600DD9ECD /* Resources */ = {
			isa = PBXResourcesBuildPhase;
			buildActionMask = 2147483647;
			files = (
			);
			runOnlyForDeploymentPostprocessing = 0;
		};
		8044A0E429EED5C500493B7F /* Resources */ = {
			isa = PBXResourcesBuildPhase;
			buildActionMask = 2147483647;
			files = (
				8044A0F129EED5C600493B7F /* Preview Assets.xcassets in Resources */,
				8044A0EE29EED5C600493B7F /* Assets.xcassets in Resources */,
				804E859029F40B4B00CA9A55 /* GoogleService-Info.plist in Resources */,
			);
			runOnlyForDeploymentPostprocessing = 0;
		};
/* End PBXResourcesBuildPhase section */

/* Begin PBXSourcesBuildPhase section */
		801EE5AF2A00074600DD9ECD /* Sources */ = {
			isa = PBXSourcesBuildPhase;
			buildActionMask = 2147483647;
			files = (
				801EE5B82A00074600DD9ECD /* bffPayUITestsLaunchTests.swift in Sources */,
				801EE5B62A00074600DD9ECD /* bffPayUITests.swift in Sources */,
			);
			runOnlyForDeploymentPostprocessing = 0;
		};
		801EE5BE2A00076600DD9ECD /* Sources */ = {
			isa = PBXSourcesBuildPhase;
			buildActionMask = 2147483647;
			files = (
				801EE5C52A00076600DD9ECD /* bffPayTests.swift in Sources */,
			);
			runOnlyForDeploymentPostprocessing = 0;
		};
		8044A0E229EED5C500493B7F /* Sources */ = {
			isa = PBXSourcesBuildPhase;
			buildActionMask = 2147483647;
			files = (
				80B1B0F629FAC10C00915CB4 /* MultiSelectionList.swift in Sources */,
				80B1B0F229FAB53A00915CB4 /* TransactionRepository.swift in Sources */,
				80B1B0ED29F9A8B600915CB4 /* CustomPlusButton.swift in Sources */,
				80B1B0F829FACDB500915CB4 /* TransactionDetailsView.swift in Sources */,
				8044A10629EEE0AC00493B7F /* AppDelegate.swift in Sources */,
				8045F4E729F59228002F9CB5 /* Party.swift in Sources */,
				8045F4EF29F599CC002F9CB5 /* PartyRepository.swift in Sources */,
				8045F4EB29F59663002F9CB5 /* Transaction.swift in Sources */,
				8045F4E529F591ED002F9CB5 /* PartyListViewModel.swift in Sources */,
				804AC7042A265FD900F9C65A /* PartySettingsTab.swift in Sources */,
				809265E729F2BCF2001C36C6 /* UIApplication+UIViewController.swift in Sources */,
				8045F4DE29F4293D002F9CB5 /* PartyRowView.swift in Sources */,
				8044A0EC29EED5C500493B7F /* MainView.swift in Sources */,
				8045F4E329F58EEF002F9CB5 /* CreatePartyView.swift in Sources */,
				80B1B0F029F9A98E00915CB4 /* CreateTransactionView.swift in Sources */,
				8045F4F429F5B193002F9CB5 /* PartyViewModel.swift in Sources */,
				8006470329F2FE5600D5AB55 /* HomeView.swift in Sources */,
				80B1B0FA29FACDEA00915CB4 /* TransactionRowView.swift in Sources */,
				80B1B0FC29FADF4B00915CB4 /* Double+Ext.swift in Sources */,
				809265E929F2BD2B001C36C6 /* GIDConfiguration+Ext.swift in Sources */,
				80B1B0FE29FAE06E00915CB4 /* Date+Ext.swift in Sources */,
				809265E329F2B73C001C36C6 /* UserInfo.swift in Sources */,
				809265D829F2B2EB001C36C6 /* AuthView.swift in Sources */,
				809265E029F2B710001C36C6 /* UserRepository.swift in Sources */,
				8045F4E129F4355B002F9CB5 /* SettingsView.swift in Sources */,
				8044A0EA29EED5C500493B7F /* bffPayApp.swift in Sources */,
				80B1B0E929F9A71800915CB4 /* PartyDetailsView.swift in Sources */,
				809265E529F2B951001C36C6 /* AuthService.swift in Sources */,
				805154792A042F4D0030C4DC /* Debt.swift in Sources */,
				80B1B0F429FABC7100915CB4 /* TransactionsListViewModel.swift in Sources */,
			);
			runOnlyForDeploymentPostprocessing = 0;
		};
/* End PBXSourcesBuildPhase section */

/* Begin PBXTargetDependency section */
		801EE5BA2A00074600DD9ECD /* PBXTargetDependency */ = {
			isa = PBXTargetDependency;
			target = 8044A0E529EED5C500493B7F /* bffPay */;
			targetProxy = 801EE5B92A00074600DD9ECD /* PBXContainerItemProxy */;
		};
		801EE5C72A00076600DD9ECD /* PBXTargetDependency */ = {
			isa = PBXTargetDependency;
			target = 8044A0E529EED5C500493B7F /* bffPay */;
			targetProxy = 801EE5C62A00076600DD9ECD /* PBXContainerItemProxy */;
		};
/* End PBXTargetDependency section */

/* Begin XCBuildConfiguration section */
		801EE5BB2A00074600DD9ECD /* Debug */ = {
			isa = XCBuildConfiguration;
			buildSettings = {
				CODE_SIGN_STYLE = Automatic;
				CURRENT_PROJECT_VERSION = 1;
				DEVELOPMENT_TEAM = ZQ532X6DQG;
				GENERATE_INFOPLIST_FILE = YES;
				IPHONEOS_DEPLOYMENT_TARGET = 16.4;
				MARKETING_VERSION = 1.0;
				PRODUCT_BUNDLE_IDENTIFIER = com.bffPay.bffPayUITests;
				PRODUCT_NAME = "$(TARGET_NAME)";
				SWIFT_EMIT_LOC_STRINGS = NO;
				SWIFT_VERSION = 5.0;
				TARGETED_DEVICE_FAMILY = "1,2";
				TEST_TARGET_NAME = bffPay;
			};
			name = Debug;
		};
		801EE5BC2A00074600DD9ECD /* Release */ = {
			isa = XCBuildConfiguration;
			buildSettings = {
				CODE_SIGN_STYLE = Automatic;
				CURRENT_PROJECT_VERSION = 1;
				DEVELOPMENT_TEAM = ZQ532X6DQG;
				GENERATE_INFOPLIST_FILE = YES;
				IPHONEOS_DEPLOYMENT_TARGET = 16.4;
				MARKETING_VERSION = 1.0;
				PRODUCT_BUNDLE_IDENTIFIER = com.bffPay.bffPayUITests;
				PRODUCT_NAME = "$(TARGET_NAME)";
				SWIFT_EMIT_LOC_STRINGS = NO;
				SWIFT_VERSION = 5.0;
				TARGETED_DEVICE_FAMILY = "1,2";
				TEST_TARGET_NAME = bffPay;
			};
			name = Release;
		};
		801EE5C92A00076600DD9ECD /* Debug */ = {
			isa = XCBuildConfiguration;
			buildSettings = {
				BUNDLE_LOADER = "$(TEST_HOST)";
				CODE_SIGN_STYLE = Automatic;
				CURRENT_PROJECT_VERSION = 1;
				DEVELOPMENT_TEAM = ZQ532X6DQG;
				GENERATE_INFOPLIST_FILE = YES;
				IPHONEOS_DEPLOYMENT_TARGET = 16.4;
				MARKETING_VERSION = 1.0;
				PRODUCT_BUNDLE_IDENTIFIER = com.bffPay.bffPayTests;
				PRODUCT_NAME = "$(TARGET_NAME)";
				SWIFT_EMIT_LOC_STRINGS = NO;
				SWIFT_VERSION = 5.0;
				TARGETED_DEVICE_FAMILY = "1,2";
				TEST_HOST = "$(BUILT_PRODUCTS_DIR)/bffPay.app/$(BUNDLE_EXECUTABLE_FOLDER_PATH)/bffPay";
			};
			name = Debug;
		};
		801EE5CA2A00076600DD9ECD /* Release */ = {
			isa = XCBuildConfiguration;
			buildSettings = {
				BUNDLE_LOADER = "$(TEST_HOST)";
				CODE_SIGN_STYLE = Automatic;
				CURRENT_PROJECT_VERSION = 1;
				DEVELOPMENT_TEAM = ZQ532X6DQG;
				GENERATE_INFOPLIST_FILE = YES;
				IPHONEOS_DEPLOYMENT_TARGET = 16.4;
				MARKETING_VERSION = 1.0;
				PRODUCT_BUNDLE_IDENTIFIER = com.bffPay.bffPayTests;
				PRODUCT_NAME = "$(TARGET_NAME)";
				SWIFT_EMIT_LOC_STRINGS = NO;
				SWIFT_VERSION = 5.0;
				TARGETED_DEVICE_FAMILY = "1,2";
				TEST_HOST = "$(BUILT_PRODUCTS_DIR)/bffPay.app/$(BUNDLE_EXECUTABLE_FOLDER_PATH)/bffPay";
			};
			name = Release;
		};
		8044A0F229EED5C600493B7F /* Debug */ = {
			isa = XCBuildConfiguration;
			buildSettings = {
				ALWAYS_SEARCH_USER_PATHS = NO;
				CLANG_ANALYZER_NONNULL = YES;
				CLANG_ANALYZER_NUMBER_OBJECT_CONVERSION = YES_AGGRESSIVE;
				CLANG_CXX_LANGUAGE_STANDARD = "gnu++20";
				CLANG_ENABLE_MODULES = YES;
				CLANG_ENABLE_OBJC_ARC = YES;
				CLANG_ENABLE_OBJC_WEAK = YES;
				CLANG_WARN_BLOCK_CAPTURE_AUTORELEASING = YES;
				CLANG_WARN_BOOL_CONVERSION = YES;
				CLANG_WARN_COMMA = YES;
				CLANG_WARN_CONSTANT_CONVERSION = YES;
				CLANG_WARN_DEPRECATED_OBJC_IMPLEMENTATIONS = YES;
				CLANG_WARN_DIRECT_OBJC_ISA_USAGE = YES_ERROR;
				CLANG_WARN_DOCUMENTATION_COMMENTS = YES;
				CLANG_WARN_EMPTY_BODY = YES;
				CLANG_WARN_ENUM_CONVERSION = YES;
				CLANG_WARN_INFINITE_RECURSION = YES;
				CLANG_WARN_INT_CONVERSION = YES;
				CLANG_WARN_NON_LITERAL_NULL_CONVERSION = YES;
				CLANG_WARN_OBJC_IMPLICIT_RETAIN_SELF = YES;
				CLANG_WARN_OBJC_LITERAL_CONVERSION = YES;
				CLANG_WARN_OBJC_ROOT_CLASS = YES_ERROR;
				CLANG_WARN_QUOTED_INCLUDE_IN_FRAMEWORK_HEADER = YES;
				CLANG_WARN_RANGE_LOOP_ANALYSIS = YES;
				CLANG_WARN_STRICT_PROTOTYPES = YES;
				CLANG_WARN_SUSPICIOUS_MOVE = YES;
				CLANG_WARN_UNGUARDED_AVAILABILITY = YES_AGGRESSIVE;
				CLANG_WARN_UNREACHABLE_CODE = YES;
				CLANG_WARN__DUPLICATE_METHOD_MATCH = YES;
				COPY_PHASE_STRIP = NO;
				DEBUG_INFORMATION_FORMAT = dwarf;
				ENABLE_STRICT_OBJC_MSGSEND = YES;
				ENABLE_TESTABILITY = YES;
				GCC_C_LANGUAGE_STANDARD = gnu11;
				GCC_DYNAMIC_NO_PIC = NO;
				GCC_NO_COMMON_BLOCKS = YES;
				GCC_OPTIMIZATION_LEVEL = 0;
				GCC_PREPROCESSOR_DEFINITIONS = (
					"DEBUG=1",
					"$(inherited)",
				);
				GCC_WARN_64_TO_32_BIT_CONVERSION = YES;
				GCC_WARN_ABOUT_RETURN_TYPE = YES_ERROR;
				GCC_WARN_UNDECLARED_SELECTOR = YES;
				GCC_WARN_UNINITIALIZED_AUTOS = YES_AGGRESSIVE;
				GCC_WARN_UNUSED_FUNCTION = YES;
				GCC_WARN_UNUSED_VARIABLE = YES;
				IPHONEOS_DEPLOYMENT_TARGET = 15.0;
				MTL_ENABLE_DEBUG_INFO = INCLUDE_SOURCE;
				MTL_FAST_MATH = YES;
				ONLY_ACTIVE_ARCH = YES;
				SDKROOT = iphoneos;
				SWIFT_ACTIVE_COMPILATION_CONDITIONS = DEBUG;
				SWIFT_OPTIMIZATION_LEVEL = "-Onone";
			};
			name = Debug;
		};
		8044A0F329EED5C600493B7F /* Release */ = {
			isa = XCBuildConfiguration;
			buildSettings = {
				ALWAYS_SEARCH_USER_PATHS = NO;
				CLANG_ANALYZER_NONNULL = YES;
				CLANG_ANALYZER_NUMBER_OBJECT_CONVERSION = YES_AGGRESSIVE;
				CLANG_CXX_LANGUAGE_STANDARD = "gnu++20";
				CLANG_ENABLE_MODULES = YES;
				CLANG_ENABLE_OBJC_ARC = YES;
				CLANG_ENABLE_OBJC_WEAK = YES;
				CLANG_WARN_BLOCK_CAPTURE_AUTORELEASING = YES;
				CLANG_WARN_BOOL_CONVERSION = YES;
				CLANG_WARN_COMMA = YES;
				CLANG_WARN_CONSTANT_CONVERSION = YES;
				CLANG_WARN_DEPRECATED_OBJC_IMPLEMENTATIONS = YES;
				CLANG_WARN_DIRECT_OBJC_ISA_USAGE = YES_ERROR;
				CLANG_WARN_DOCUMENTATION_COMMENTS = YES;
				CLANG_WARN_EMPTY_BODY = YES;
				CLANG_WARN_ENUM_CONVERSION = YES;
				CLANG_WARN_INFINITE_RECURSION = YES;
				CLANG_WARN_INT_CONVERSION = YES;
				CLANG_WARN_NON_LITERAL_NULL_CONVERSION = YES;
				CLANG_WARN_OBJC_IMPLICIT_RETAIN_SELF = YES;
				CLANG_WARN_OBJC_LITERAL_CONVERSION = YES;
				CLANG_WARN_OBJC_ROOT_CLASS = YES_ERROR;
				CLANG_WARN_QUOTED_INCLUDE_IN_FRAMEWORK_HEADER = YES;
				CLANG_WARN_RANGE_LOOP_ANALYSIS = YES;
				CLANG_WARN_STRICT_PROTOTYPES = YES;
				CLANG_WARN_SUSPICIOUS_MOVE = YES;
				CLANG_WARN_UNGUARDED_AVAILABILITY = YES_AGGRESSIVE;
				CLANG_WARN_UNREACHABLE_CODE = YES;
				CLANG_WARN__DUPLICATE_METHOD_MATCH = YES;
				COPY_PHASE_STRIP = NO;
				DEBUG_INFORMATION_FORMAT = "dwarf-with-dsym";
				ENABLE_NS_ASSERTIONS = NO;
				ENABLE_STRICT_OBJC_MSGSEND = YES;
				GCC_C_LANGUAGE_STANDARD = gnu11;
				GCC_NO_COMMON_BLOCKS = YES;
				GCC_WARN_64_TO_32_BIT_CONVERSION = YES;
				GCC_WARN_ABOUT_RETURN_TYPE = YES_ERROR;
				GCC_WARN_UNDECLARED_SELECTOR = YES;
				GCC_WARN_UNINITIALIZED_AUTOS = YES_AGGRESSIVE;
				GCC_WARN_UNUSED_FUNCTION = YES;
				GCC_WARN_UNUSED_VARIABLE = YES;
				IPHONEOS_DEPLOYMENT_TARGET = 15.0;
				MTL_ENABLE_DEBUG_INFO = NO;
				MTL_FAST_MATH = YES;
				SDKROOT = iphoneos;
				SWIFT_COMPILATION_MODE = wholemodule;
				SWIFT_OPTIMIZATION_LEVEL = "-O";
				VALIDATE_PRODUCT = YES;
			};
			name = Release;
		};
		8044A0F529EED5C600493B7F /* Debug */ = {
			isa = XCBuildConfiguration;
			buildSettings = {
				ASSETCATALOG_COMPILER_APPICON_NAME = AppIcon;
				ASSETCATALOG_COMPILER_GLOBAL_ACCENT_COLOR_NAME = AccentColor;
				CODE_SIGN_ENTITLEMENTS = bffPay/bffPay.entitlements;
				CODE_SIGN_STYLE = Automatic;
				CURRENT_PROJECT_VERSION = 2;
				DEVELOPMENT_ASSET_PATHS = "\"bffPay/Preview Content\"";
				DEVELOPMENT_TEAM = SB3RMSAWRB;
				ENABLE_PREVIEWS = YES;
				GENERATE_INFOPLIST_FILE = YES;
				INFOPLIST_FILE = bffPay/Info.plist;
				INFOPLIST_KEY_UIApplicationSceneManifest_Generation = YES;
				INFOPLIST_KEY_UIApplicationSupportsIndirectInputEvents = YES;
				INFOPLIST_KEY_UILaunchScreen_Generation = YES;
				INFOPLIST_KEY_UISupportedInterfaceOrientations = UIInterfaceOrientationPortrait;
				INFOPLIST_KEY_UISupportedInterfaceOrientations_iPad = "UIInterfaceOrientationLandscapeLeft UIInterfaceOrientationLandscapeRight UIInterfaceOrientationPortrait";
				IPHONEOS_DEPLOYMENT_TARGET = 15.0;
				LD_RUNPATH_SEARCH_PATHS = (
					"$(inherited)",
					"@executable_path/Frameworks",
				);
				MARKETING_VERSION = 0.5;
				PRODUCT_BUNDLE_IDENTIFIER = com.svitups.bffPay;
				PRODUCT_NAME = "$(TARGET_NAME)";
				SUPPORTED_PLATFORMS = "iphoneos iphonesimulator";
				SUPPORTS_MACCATALYST = NO;
				SUPPORTS_MAC_DESIGNED_FOR_IPHONE_IPAD = NO;
				SWIFT_EMIT_LOC_STRINGS = YES;
				SWIFT_VERSION = 5.0;
				TARGETED_DEVICE_FAMILY = "1,2";
			};
			name = Debug;
		};
		8044A0F629EED5C600493B7F /* Release */ = {
			isa = XCBuildConfiguration;
			buildSettings = {
				ASSETCATALOG_COMPILER_APPICON_NAME = AppIcon;
				ASSETCATALOG_COMPILER_GLOBAL_ACCENT_COLOR_NAME = AccentColor;
				CODE_SIGN_ENTITLEMENTS = bffPay/bffPay.entitlements;
				CODE_SIGN_STYLE = Automatic;
				CURRENT_PROJECT_VERSION = 2;
				DEVELOPMENT_ASSET_PATHS = "\"bffPay/Preview Content\"";
				DEVELOPMENT_TEAM = SB3RMSAWRB;
				ENABLE_PREVIEWS = YES;
				GENERATE_INFOPLIST_FILE = YES;
				INFOPLIST_FILE = bffPay/Info.plist;
				INFOPLIST_KEY_UIApplicationSceneManifest_Generation = YES;
				INFOPLIST_KEY_UIApplicationSupportsIndirectInputEvents = YES;
				INFOPLIST_KEY_UILaunchScreen_Generation = YES;
				INFOPLIST_KEY_UISupportedInterfaceOrientations = UIInterfaceOrientationPortrait;
				INFOPLIST_KEY_UISupportedInterfaceOrientations_iPad = "UIInterfaceOrientationLandscapeLeft UIInterfaceOrientationLandscapeRight UIInterfaceOrientationPortrait";
				IPHONEOS_DEPLOYMENT_TARGET = 15.0;
				LD_RUNPATH_SEARCH_PATHS = (
					"$(inherited)",
					"@executable_path/Frameworks",
				);
				MARKETING_VERSION = 0.5;
				PRODUCT_BUNDLE_IDENTIFIER = com.svitups.bffPay;
				PRODUCT_NAME = "$(TARGET_NAME)";
				SUPPORTED_PLATFORMS = "iphoneos iphonesimulator";
				SUPPORTS_MACCATALYST = NO;
				SUPPORTS_MAC_DESIGNED_FOR_IPHONE_IPAD = NO;
				SWIFT_EMIT_LOC_STRINGS = YES;
				SWIFT_VERSION = 5.0;
				TARGETED_DEVICE_FAMILY = "1,2";
			};
			name = Release;
		};
/* End XCBuildConfiguration section */

/* Begin XCConfigurationList section */
		801EE5BD2A00074600DD9ECD /* Build configuration list for PBXNativeTarget "bffPayUITests" */ = {
			isa = XCConfigurationList;
			buildConfigurations = (
				801EE5BB2A00074600DD9ECD /* Debug */,
				801EE5BC2A00074600DD9ECD /* Release */,
			);
			defaultConfigurationIsVisible = 0;
			defaultConfigurationName = Release;
		};
		801EE5C82A00076600DD9ECD /* Build configuration list for PBXNativeTarget "bffPayTests" */ = {
			isa = XCConfigurationList;
			buildConfigurations = (
				801EE5C92A00076600DD9ECD /* Debug */,
				801EE5CA2A00076600DD9ECD /* Release */,
			);
			defaultConfigurationIsVisible = 0;
			defaultConfigurationName = Release;
		};
		8044A0E129EED5C500493B7F /* Build configuration list for PBXProject "bffPay" */ = {
			isa = XCConfigurationList;
			buildConfigurations = (
				8044A0F229EED5C600493B7F /* Debug */,
				8044A0F329EED5C600493B7F /* Release */,
			);
			defaultConfigurationIsVisible = 0;
			defaultConfigurationName = Release;
		};
		8044A0F429EED5C600493B7F /* Build configuration list for PBXNativeTarget "bffPay" */ = {
			isa = XCConfigurationList;
			buildConfigurations = (
				8044A0F529EED5C600493B7F /* Debug */,
				8044A0F629EED5C600493B7F /* Release */,
			);
			defaultConfigurationIsVisible = 0;
			defaultConfigurationName = Release;
		};
/* End XCConfigurationList section */

/* Begin XCRemoteSwiftPackageReference section */
		8044A0FE29EEE05C00493B7F /* XCRemoteSwiftPackageReference "firebase-ios-sdk" */ = {
			isa = XCRemoteSwiftPackageReference;
			repositoryURL = "https://github.com/firebase/firebase-ios-sdk";
			requirement = {
				kind = upToNextMajorVersion;
				minimumVersion = 10.0.0;
			};
		};
		8044A10729EEE1E800493B7F /* XCRemoteSwiftPackageReference "GoogleSignIn-iOS" */ = {
			isa = XCRemoteSwiftPackageReference;
			repositoryURL = "https://github.com/google/GoogleSignIn-iOS";
			requirement = {
				kind = upToNextMajorVersion;
				minimumVersion = 7.0.0;
			};
		};
/* End XCRemoteSwiftPackageReference section */

/* Begin XCSwiftPackageProductDependency section */
		801EE5CB2A00116200DD9ECD /* FirebaseAuth */ = {
			isa = XCSwiftPackageProductDependency;
			package = 8044A0FE29EEE05C00493B7F /* XCRemoteSwiftPackageReference "firebase-ios-sdk" */;
			productName = FirebaseAuth;
		};
		801EE5CD2A00117200DD9ECD /* FirebasePerformance */ = {
			isa = XCSwiftPackageProductDependency;
			package = 8044A0FE29EEE05C00493B7F /* XCRemoteSwiftPackageReference "firebase-ios-sdk" */;
			productName = FirebasePerformance;
		};
		801EE5CF2A00118E00DD9ECD /* GoogleSignInSwift */ = {
			isa = XCSwiftPackageProductDependency;
			package = 8044A10729EEE1E800493B7F /* XCRemoteSwiftPackageReference "GoogleSignIn-iOS" */;
			productName = GoogleSignInSwift;
		};
		801EE5D12A00119900DD9ECD /* FirebaseFirestoreSwift */ = {
			isa = XCSwiftPackageProductDependency;
			package = 8044A0FE29EEE05C00493B7F /* XCRemoteSwiftPackageReference "firebase-ios-sdk" */;
			productName = FirebaseFirestoreSwift;
		};
		8044A0FF29EEE05C00493B7F /* FirebaseAuth */ = {
			isa = XCSwiftPackageProductDependency;
			package = 8044A0FE29EEE05C00493B7F /* XCRemoteSwiftPackageReference "firebase-ios-sdk" */;
			productName = FirebaseAuth;
		};
		8044A10129EEE05C00493B7F /* FirebaseCrashlytics */ = {
			isa = XCSwiftPackageProductDependency;
			package = 8044A0FE29EEE05C00493B7F /* XCRemoteSwiftPackageReference "firebase-ios-sdk" */;
			productName = FirebaseCrashlytics;
		};
		8044A10329EEE05C00493B7F /* FirebaseFirestoreSwift */ = {
			isa = XCSwiftPackageProductDependency;
			package = 8044A0FE29EEE05C00493B7F /* XCRemoteSwiftPackageReference "firebase-ios-sdk" */;
			productName = FirebaseFirestoreSwift;
		};
		8044A10829EEE1E800493B7F /* GoogleSignInSwift */ = {
			isa = XCSwiftPackageProductDependency;
			package = 8044A10729EEE1E800493B7F /* XCRemoteSwiftPackageReference "GoogleSignIn-iOS" */;
			productName = GoogleSignInSwift;
		};
		8045F4F129F59C60002F9CB5 /* FirebasePerformance */ = {
			isa = XCSwiftPackageProductDependency;
			package = 8044A0FE29EEE05C00493B7F /* XCRemoteSwiftPackageReference "firebase-ios-sdk" */;
			productName = FirebasePerformance;
		};
/* End XCSwiftPackageProductDependency section */
	};
	rootObject = 8044A0DE29EED5C500493B7F /* Project object */;
}
